
Microsoft Visual Studio Solution File, Format Version 12.00
# Visual Studio Version 17
VisualStudioVersion = 17.9.34622.214
MinimumVisualStudioVersion = 10.0.40219.1
Project("{9A19103F-16F7-4668-BE54-9A1E7A4F7556}") = "Homework Class 4", "Homework Class 4\Homework Class 4.csproj", "{FD00E20C-55C0-41AA-A33B-2B4B5AF94D20}"
EndProject
Project("{9A19103F-16F7-4668-BE54-9A1E7A4F7556}") = "Task 2", "Task 2\Task 2.csproj", "{F52906F1-4B17-4B9B-BA92-D0065ECF6761}"
EndProject
Project("{FAE04EC0-301F-11D3-BF4B-00C04F79EFBC}") = "Task3", "Task3\Task3.csproj", "{D8C2D9C9-37D5-452D-A6FD-1796C53EF170}"
EndProject
Global
	GlobalSection(SolutionConfigurationPlatforms) = preSolution
		Debug|Any CPU = Debug|Any CPU
		Release|Any CPU = Release|Any CPU
	EndGlobalSection
	GlobalSection(ProjectConfigurationPlatforms) = postSolution
		{FD00E20C-55C0-41AA-A33B-2B4B5AF94D20}.Debug|Any CPU.ActiveCfg = Debug|Any CPU
		{FD00E20C-55C0-41AA-A33B-2B4B5AF94D20}.Debug|Any CPU.Build.0 = Debug|Any CPU
		{FD00E20C-55C0-41AA-A33B-2B4B5AF94D20}.Release|Any CPU.ActiveCfg = Release|Any CPU
		{FD00E20C-55C0-41AA-A33B-2B4B5AF94D20}.Release|Any CPU.Build.0 = Release|Any CPU
		{F52906F1-4B17-4B9B-BA92-D0065ECF6761}.Debug|Any CPU.ActiveCfg = Debug|Any CPU
		{F52906F1-4B17-4B9B-BA92-D0065ECF6761}.Debug|Any CPU.Build.0 = Debug|Any CPU
		{F52906F1-4B17-4B9B-BA92-D0065ECF6761}.Release|Any CPU.ActiveCfg = Release|Any CPU
		{F52906F1-4B17-4B9B-BA92-D0065ECF6761}.Release|Any CPU.Build.0 = Release|Any CPU
		{D8C2D9C9-37D5-452D-A6FD-1796C53EF170}.Debug|Any CPU.ActiveCfg = Debug|Any CPU
		{D8C2D9C9-37D5-452D-A6FD-1796C53EF170}.Debug|Any CPU.Build.0 = Debug|Any CPU
		{D8C2D9C9-37D5-452D-A6FD-1796C53EF170}.Release|Any CPU.ActiveCfg = Release|Any CPU
		{D8C2D9C9-37D5-452D-A6FD-1796C53EF170}.Release|Any CPU.Build.0 = Release|Any CPU
	EndGlobalSection
	GlobalSection(SolutionProperties) = preSolution
		HideSolutionNode = FALSE
	EndGlobalSection
	GlobalSection(ExtensibilityGlobals) = postSolution
		SolutionGuid = {9365D087-31B6-4DFC-8F9C-F86E271DB262}
	EndGlobalSection
EndGlobal
